PODS:
  - AlicloudPush (1.9.9.1):
    - AlicloudUT
    - AlicloudUtils
  - AlicloudUT (5.2.0.16):
    - AlicloudUTDID
  - AlicloudUTDID (1.5.0.91)
  - AlicloudUtils (1.3.9):
    - AlicloudUTDID
  - Bugly (2.5.71)
  - Flutter (1.0.0)
  - flutter_app_upgrade (0.0.1):
    - Flutter
  - flutter_bugly (0.0.1):
    - Bugly
    - Flutter
  - fluttertoast (0.0.2):
    - Flutter
  - fluwx (0.0.1):
    - Flutter
    - WechatOpenSDK (= 1.8.7.1)
  - image_picker (0.0.1):
    - Flutter
  - MTBBarcodeScanner (5.0.11)
  - "permission_handler (5.0.1+1)":
    - Flutter
  - qr_code_scanner (0.0.2):
    - Flutter
    - MTBBarcodeScanner
  - qr_code_tools (0.0.1):
    - Flutter
  - rammus (0.0.1):
    - AlicloudPush (~> 1.9.9)
    - Flutter
  - shared_preferences (0.0.1):
    - Flutter
  - sign_in_with_apple (0.0.1):
    - Flutter
  - webview_flutter (0.0.1):
    - Flutter
  - WechatOpenSDK (1.8.7.1)

DEPENDENCIES:
  - Flutter (from `Flutter`)
  - flutter_app_upgrade (from `.symlinks/plugins/flutter_app_upgrade/ios`)
  - flutter_bugly (from `.symlinks/plugins/flutter_bugly/ios`)
  - fluttertoast (from `.symlinks/plugins/fluttertoast/ios`)
  - fluwx (from `.symlinks/plugins/fluwx/ios`)
  - image_picker (from `.symlinks/plugins/image_picker/ios`)
  - permission_handler (from `.symlinks/plugins/permission_handler/ios`)
  - qr_code_scanner (from `.symlinks/plugins/qr_code_scanner/ios`)
  - qr_code_tools (from `.symlinks/plugins/qr_code_tools/ios`)
  - rammus (from `.symlinks/plugins/rammus/ios`)
  - shared_preferences (from `.symlinks/plugins/shared_preferences/ios`)
  - sign_in_with_apple (from `.symlinks/plugins/sign_in_with_apple/ios`)
  - webview_flutter (from `.symlinks/plugins/webview_flutter/ios`)

SPEC REPOS:
  https://github.com/aliyun/aliyun-specs.git:
    - AlicloudPush
    - AlicloudUT
    - AlicloudUTDID
    - AlicloudUtils
  https://github.com/CocoaPods/Specs.git:
    - Bugly
    - MTBBarcodeScanner
  trunk:
    - WechatOpenSDK

EXTERNAL SOURCES:
  Flutter:
    :path: Flutter
  flutter_app_upgrade:
    :path: ".symlinks/plugins/flutter_app_upgrade/ios"
  flutter_bugly:
    :path: ".symlinks/plugins/flutter_bugly/ios"
  fluttertoast:
    :path: ".symlinks/plugins/fluttertoast/ios"
  fluwx:
    :path: ".symlinks/plugins/fluwx/ios"
  image_picker:
    :path: ".symlinks/plugins/image_picker/ios"
  permission_handler:
    :path: ".symlinks/plugins/permission_handler/ios"
  qr_code_scanner:
    :path: ".symlinks/plugins/qr_code_scanner/ios"
  qr_code_tools:
    :path: ".symlinks/plugins/qr_code_tools/ios"
  rammus:
    :path: ".symlinks/plugins/rammus/ios"
  shared_preferences:
    :path: ".symlinks/plugins/shared_preferences/ios"
  sign_in_with_apple:
    :path: ".symlinks/plugins/sign_in_with_apple/ios"
  webview_flutter:
    :path: ".symlinks/plugins/webview_flutter/ios"

SPEC CHECKSUMS:
  AlicloudPush: c87e2fae0e3909cad267d9a34379ae865c6b4ea0
  AlicloudUT: 6d1cf30d57d096b7e9bb4b069dd0ba6ad59a3338
  AlicloudUTDID: 5f008f2ac35e3969a5cbf8557ef8d285525be948
  AlicloudUtils: 66e0ba6ece62d7dd05e9dd95674b2c7811624c2f
  Bugly: fd066c75c4a0eca1440f9b6a84bd37d51bfc85ac
  Flutter: 0e3d915762c693b495b44d77113d4970485de6ec
  flutter_app_upgrade: a62fbe2a09a2176a7b44211c8355adfcfb969779
  flutter_bugly: c9800f4d5bc5bdc27ffdde3417a26ba44266e0c3
  fluttertoast: b644586ef3b16f67fae9a1f8754cef6b2d6b634b
  fluwx: 07a55ed66bf3a4961e836a2a411b02dcada32902
  image_picker: 9c3312491f862b28d21ecd8fdf0ee14e601b3f09
  MTBBarcodeScanner: f453b33c4b7dfe545d8c6484ed744d55671788cb
  permission_handler: eac8e15b4a1a3fba55b761d19f3f4e6b005d15b6
  qr_code_scanner: 16107718bdad7d708cdf6a5eacdca24b56cdf471
  qr_code_tools: bd0c76036813e6251a1df7d130b9c366fe961444
  rammus: b742412b5535e367fce5c30b82d36c8fcb06271a
  shared_preferences: af6bfa751691cdc24be3045c43ec037377ada40d
  sign_in_with_apple: 34f3f5456a45fd7ac5fb42905e2ad31dae061b4a
  webview_flutter: d2b4d6c66968ad042ad94cbb791f5b72b4678a96
  WechatOpenSDK: 6a4d1436c15b3b5fe2a0bd383f3046010186da44

PODFILE CHECKSUM: db7df6630bdd64fe000369039d3fa0b7d8c6798a

COCOAPODS: 1.9.3
